
Microsoft Visual Studio Solution File, Format Version 11.00
# Visual Studio 2010
Project("{FAE04EC0-301F-11D3-BF4B-00C04F79EFBC}") = "Assembly-CSharp", "Assembly-CSharp.csproj", "{8ca0fa5c-fafd-df9f-cb8a-17387fc17e52}"
EndProject
Project("{FAE04EC0-301F-11D3-BF4B-00C04F79EFBC}") = "Assembly-CSharp-Editor", "Assembly-CSharp-Editor.csproj", "{7573d710-39a9-3790-21bb-eac215bf7ac6}"
EndProject
Global
	GlobalSection(SolutionConfigurationPlatforms) = preSolution
		Debug|Any CPU = Debug|Any CPU
	EndGlobalSection
	GlobalSection(ProjectConfigurationPlatforms) = postSolution
		{8ca0fa5c-fafd-df9f-cb8a-17387fc17e52}.Debug|Any CPU.ActiveCfg = Debug|Any CPU
		{8ca0fa5c-fafd-df9f-cb8a-17387fc17e52}.Debug|Any CPU.Build.0 = Debug|Any CPU
		{7573d710-39a9-3790-21bb-eac215bf7ac6}.Debug|Any CPU.ActiveCfg = Debug|Any CPU
		{7573d710-39a9-3790-21bb-eac215bf7ac6}.Debug|Any CPU.Build.0 = Debug|Any CPU
	EndGlobalSection
	GlobalSection(SolutionProperties) = preSolution
		HideSolutionNode = FALSE
	EndGlobalSection
EndGlobal
